<?xml version="1.0" encoding="UTF-8" standalone="yes" ?>
<CodeBlocks_project_file>
	<FileVersion major="1" minor="6" />
	<Project>
		<Option title="gdufs_iiip_14105" />
		<Option pch_mode="2" />
		<Option compiler="gcc" />
		<Build>
			<Target title="Debug">
				<Option output="bin/Debug/gdufs_iiip_14105" prefix_auto="1" extension_auto="1" />
				<Option object_output="obj/Debug/" />
				<Option type="1" />
				<Option compiler="gcc" />
				<Compiler>
					<Add option="-g" />
					<Add directory="include" />
					<Add directory="../../../../usr/include/mysql" />
					<Add directory="/home/zice/C/test_nlpir/include" />
				</Compiler>
				<Linker>
					<Add library="../../../../usr/lib64/mysql/libmysqlclient.so" />
					<Add library="/home/zice/userProfile/gdufs_iiip_14105/nlpir/lib/linux64/libNLPIR.so" />
				</Linker>
			</Target>
			<Target title="Release">
				<Option output="bin/Release/gdufs_iiip_14105" prefix_auto="1" extension_auto="1" />
				<Option object_output="obj/Release/" />
				<Option type="1" />
				<Option compiler="gcc" />
				<Compiler>
					<Add option="-O2" />
					<Add directory="include" />
				</Compiler>
				<Linker>
					<Add option="-s" />
				</Linker>
			</Target>
		</Build>
		<Compiler>
			<Add option="-Wall" />
			<Add option="-fexceptions" />
		</Compiler>
		<Unit filename="GibbsLDA/constants.h" />
		<Unit filename="GibbsLDA/dataset.cpp" />
		<Unit filename="GibbsLDA/dataset.h" />
		<Unit filename="GibbsLDA/main_lda.cpp" />
		<Unit filename="GibbsLDA/model.cpp" />
		<Unit filename="GibbsLDA/model.h" />
		<Unit filename="GibbsLDA/strtokenizer.cpp" />
		<Unit filename="GibbsLDA/strtokenizer.h" />
		<Unit filename="GibbsLDA/utils.cpp" />
		<Unit filename="GibbsLDA/utils.h" />
		<Unit filename="include/WeiboEntity  .h" />
		<Unit filename="include/WeiboEntity_simplify.h" />
		<Unit filename="include/databaseAccess.h" />
		<Unit filename="include/personalInfo.h" />
		<Unit filename="include/preprocess.h" />
		<Unit filename="include/userProfile.h" />
		<Unit filename="include/weiboUser.h" />
		<Unit filename="main.cpp" />
		<Unit filename="nlpir/Data/BIG2GBK.map" />
		<Unit filename="nlpir/Data/BIG5.pdat" />
		<Unit filename="nlpir/Data/BIG5.wordlist" />
		<Unit filename="nlpir/Data/BiWord.big" />
		<Unit filename="nlpir/Data/Configure.xml" />
		<Unit filename="nlpir/Data/CoreDict.pdat" />
		<Unit filename="nlpir/Data/CoreDict.pos" />
		<Unit filename="nlpir/Data/CoreDict.unig" />
		<Unit filename="nlpir/Data/DocExtractor.user" />
		<Unit filename="nlpir/Data/English/English.pdat" />
		<Unit filename="nlpir/Data/English/English.pos" />
		<Unit filename="nlpir/Data/English/English.ung" />
		<Unit filename="nlpir/Data/English/English.wordlist" />
		<Unit filename="nlpir/Data/English/Irrel2regular.map" />
		<Unit filename="nlpir/Data/English/ne.pdat" />
		<Unit filename="nlpir/Data/English/ne.pos" />
		<Unit filename="nlpir/Data/English/ne.wordlist" />
		<Unit filename="nlpir/Data/FTU8.pdat" />
		<Unit filename="nlpir/Data/FTU8.wordlist" />
		<Unit filename="nlpir/Data/FTU82GBK.map" />
		<Unit filename="nlpir/Data/FieldDict.pdat" />
		<Unit filename="nlpir/Data/FieldDict.pos" />
		<Unit filename="nlpir/Data/GBK.pdat" />
		<Unit filename="nlpir/Data/GBK.wordlist" />
		<Unit filename="nlpir/Data/GBK2BIG.map" />
		<Unit filename="nlpir/Data/GBK2FTU8.map" />
		<Unit filename="nlpir/Data/GBK2GBKC.map" />
		<Unit filename="nlpir/Data/GBK2UTF.map" />
		<Unit filename="nlpir/Data/GBKA.pdat" />
		<Unit filename="nlpir/Data/GBKA.wordlist" />
		<Unit filename="nlpir/Data/GBKA2UTF.map" />
		<Unit filename="nlpir/Data/GBKC.pdat" />
		<Unit filename="nlpir/Data/GBKC.wordlist" />
		<Unit filename="nlpir/Data/GBKC2GBK.map" />
		<Unit filename="nlpir/Data/GranDict.pdat" />
		<Unit filename="nlpir/Data/GranDict.pos" />
		<Unit filename="nlpir/Data/ICTPOS.map" />
		<Unit filename="nlpir/Data/NLPIR.ctx" />
		<Unit filename="nlpir/Data/NLPIR.user" />
		<Unit filename="nlpir/Data/NLPIR_First.map" />
		<Unit filename="nlpir/Data/NewWord.lst" />
		<Unit filename="nlpir/Data/PKU.map" />
		<Unit filename="nlpir/Data/PKU_First.map" />
		<Unit filename="nlpir/Data/UTF2GBK.map" />
		<Unit filename="nlpir/Data/UTF2GBKA.map" />
		<Unit filename="nlpir/Data/UTF8.pdat" />
		<Unit filename="nlpir/Data/UTF8.wordlist" />
		<Unit filename="nlpir/Data/UserDict.pdat" />
		<Unit filename="nlpir/Data/charset.type" />
		<Unit filename="nlpir/Data/location.map" />
		<Unit filename="nlpir/Data/location.pdat" />
		<Unit filename="nlpir/Data/location.wordlist" />
		<Unit filename="nlpir/Data/nr.ctx" />
		<Unit filename="nlpir/Data/nr.fsa" />
		<Unit filename="nlpir/Data/nr.role" />
		<Unit filename="nlpir/Data/sentiment.pdat" />
		<Unit filename="nlpir/Data/sentiment.ung" />
		<Unit filename="nlpir/include/NLPIR.h" />
		<Unit filename="nlpir/lib/linux32/libNLPIR.so" />
		<Unit filename="nlpir/lib/linux64/Readme.txt" />
		<Unit filename="nlpir/lib/linux64/libNLPIR.so" />
		<Unit filename="nlpir/main_nlpir.cpp" />
		<Unit filename="nlpir/txtUTF8.txt" />
		<Unit filename="src/WeiboEntity  .cpp" />
		<Unit filename="src/WeiboEntity_simplify.cpp" />
		<Unit filename="src/databaseAccess.cpp" />
		<Unit filename="src/personalInfo.cpp" />
		<Unit filename="src/preprocess.cpp" />
		<Unit filename="src/userProfile.cpp" />
		<Unit filename="src/weiboUser.cpp" />
		<Extensions>
			<code_completion />
			<envvars />
			<debugger />
			<lib_finder disable_auto="1" />
		</Extensions>
	</Project>
</CodeBlocks_project_file>
