<?xml version="1.0" encoding="UTF-8" standalone="yes" ?>
<CodeBlocks_project_file>
	<FileVersion major="1" minor="6" />
	<Project>
		<Option title="gdufs_iiip_14105" />
		<Option pch_mode="2" />
		<Option compiler="gcc" />
		<Build>
			<Target title="Debug">
				<Option output="bin/Debug/gdufs_iiip_14105" prefix_auto="1" extension_auto="1" />
				<Option object_output="obj/Debug/" />
				<Option type="1" />
				<Option compiler="gcc" />
				<Compiler>
					<Add option="-g" />
					<Add directory="include" />
					<Add directory="../../../../usr/include/mysql" />
				</Compiler>
				<Linker>
					<Add library="../../../../usr/lib64/mysql/libmysqlclient.so" />
				</Linker>
			</Target>
			<Target title="Release">
				<Option output="bin/Release/gdufs_iiip_14105" prefix_auto="1" extension_auto="1" />
				<Option object_output="obj/Release/" />
				<Option type="1" />
				<Option compiler="gcc" />
				<Compiler>
					<Add option="-O2" />
					<Add directory="include" />
				</Compiler>
				<Linker>
					<Add option="-s" />
				</Linker>
			</Target>
		</Build>
		<Compiler>
			<Add option="-Wall" />
			<Add option="-fexceptions" />
		</Compiler>
		<Unit filename="include/WeiboEntity  .h" />
		<Unit filename="include/WeiboEntity_simplify.h" />
		<Unit filename="include/databaseAccess.h" />
		<Unit filename="include/personalInfo.h" />
		<Unit filename="include/userProfile.h" />
		<Unit filename="include/weiboUser.h" />
		<Unit filename="main.cpp" />
		<Unit filename="src/WeiboEntity  .cpp" />
		<Unit filename="src/WeiboEntity_simplify.cpp" />
		<Unit filename="src/databaseAccess.cpp" />
		<Unit filename="src/personalInfo.cpp" />
		<Unit filename="src/userProfile.cpp" />
		<Unit filename="src/weiboUser.cpp" />
		<Extensions>
			<code_completion />
			<envvars />
			<debugger />
			<lib_finder disable_auto="1" />
		</Extensions>
	</Project>
</CodeBlocks_project_file>
